
Microsoft Visual Studio Solution File, Format Version 12.00
# Visual Studio Version 16
VisualStudioVersion = 16.0.35325.158
MinimumVisualStudioVersion = 10.0.40219.1
Project("{FAE04EC0-301F-11D3-BF4B-00C04F79EFBC}") = "Day2_.Net", "Day2_.Net\Day2_.Net.csproj", "{820779A3-5AD6-44F8-851B-C9551F7BA048}"
EndProject
Global
	GlobalSection(SolutionConfigurationPlatforms) = preSolution
		Debug|Any CPU = Debug|Any CPU
		Release|Any CPU = Release|Any CPU
	EndGlobalSection
	GlobalSection(ProjectConfigurationPlatforms) = postSolution
		{820779A3-5AD6-44F8-851B-C9551F7BA048}.Debug|Any CPU.ActiveCfg = Debug|Any CPU
		{820779A3-5AD6-44F8-851B-C9551F7BA048}.Debug|Any CPU.Build.0 = Debug|Any CPU
		{820779A3-5AD6-44F8-851B-C9551F7BA048}.Release|Any CPU.ActiveCfg = Release|Any CPU
		{820779A3-5AD6-44F8-851B-C9551F7BA048}.Release|Any CPU.Build.0 = Release|Any CPU
	EndGlobalSection
	GlobalSection(SolutionProperties) = preSolution
		HideSolutionNode = FALSE
	EndGlobalSection
	GlobalSection(ExtensibilityGlobals) = postSolution
		SolutionGuid = {E612F187-6C00-4D9F-859D-CE00F50B2476}
	EndGlobalSection
EndGlobal
