
Microsoft Visual Studio Solution File, Format Version 12.00
# Visual Studio Version 16
VisualStudioVersion = 16.0.35325.158
MinimumVisualStudioVersion = 10.0.40219.1
Project("{FAE04EC0-301F-11D3-BF4B-00C04F79EFBC}") = "Assessment3", "Assessment3\Assessment3.csproj", "{9166B9A9-9898-4C42-9793-CD0C6CF34574}"
EndProject
Global
	GlobalSection(SolutionConfigurationPlatforms) = preSolution
		Debug|Any CPU = Debug|Any CPU
		Release|Any CPU = Release|Any CPU
	EndGlobalSection
	GlobalSection(ProjectConfigurationPlatforms) = postSolution
		{9166B9A9-9898-4C42-9793-CD0C6CF34574}.Debug|Any CPU.ActiveCfg = Debug|Any CPU
		{9166B9A9-9898-4C42-9793-CD0C6CF34574}.Debug|Any CPU.Build.0 = Debug|Any CPU
		{9166B9A9-9898-4C42-9793-CD0C6CF34574}.Release|Any CPU.ActiveCfg = Release|Any CPU
		{9166B9A9-9898-4C42-9793-CD0C6CF34574}.Release|Any CPU.Build.0 = Release|Any CPU
	EndGlobalSection
	GlobalSection(SolutionProperties) = preSolution
		HideSolutionNode = FALSE
	EndGlobalSection
	GlobalSection(ExtensibilityGlobals) = postSolution
		SolutionGuid = {8A86CEBE-B142-465C-B161-777889D65BF3}
	EndGlobalSection
EndGlobal
