
Microsoft Visual Studio Solution File, Format Version 12.00
# Visual Studio Version 16
VisualStudioVersion = 16.0.35325.158
MinimumVisualStudioVersion = 10.0.40219.1
Project("{FAE04EC0-301F-11D3-BF4B-00C04F79EFBC}") = "Assessment-1", "Assessment-1\Assessment-1.csproj", "{C0275E40-1F48-4528-9198-8B08F83DFAAD}"
EndProject
Global
	GlobalSection(SolutionConfigurationPlatforms) = preSolution
		Debug|Any CPU = Debug|Any CPU
		Release|Any CPU = Release|Any CPU
	EndGlobalSection
	GlobalSection(ProjectConfigurationPlatforms) = postSolution
		{C0275E40-1F48-4528-9198-8B08F83DFAAD}.Debug|Any CPU.ActiveCfg = Debug|Any CPU
		{C0275E40-1F48-4528-9198-8B08F83DFAAD}.Debug|Any CPU.Build.0 = Debug|Any CPU
		{C0275E40-1F48-4528-9198-8B08F83DFAAD}.Release|Any CPU.ActiveCfg = Release|Any CPU
		{C0275E40-1F48-4528-9198-8B08F83DFAAD}.Release|Any CPU.Build.0 = Release|Any CPU
	EndGlobalSection
	GlobalSection(SolutionProperties) = preSolution
		HideSolutionNode = FALSE
	EndGlobalSection
	GlobalSection(ExtensibilityGlobals) = postSolution
		SolutionGuid = {EFFE93C2-0A34-40AF-9258-90C945BB41D5}
	EndGlobalSection
EndGlobal
