
Microsoft Visual Studio Solution File, Format Version 12.00
# Visual Studio Version 16
VisualStudioVersion = 16.0.35325.158
MinimumVisualStudioVersion = 10.0.40219.1
Project("{FAE04EC0-301F-11D3-BF4B-00C04F79EFBC}") = "Task-5", "Task-5\Task-5.csproj", "{2146A457-8ABA-4A19-BDF4-45779EDEBCD8}"
EndProject
Global
	GlobalSection(SolutionConfigurationPlatforms) = preSolution
		Debug|Any CPU = Debug|Any CPU
		Release|Any CPU = Release|Any CPU
	EndGlobalSection
	GlobalSection(ProjectConfigurationPlatforms) = postSolution
		{2146A457-8ABA-4A19-BDF4-45779EDEBCD8}.Debug|Any CPU.ActiveCfg = Debug|Any CPU
		{2146A457-8ABA-4A19-BDF4-45779EDEBCD8}.Debug|Any CPU.Build.0 = Debug|Any CPU
		{2146A457-8ABA-4A19-BDF4-45779EDEBCD8}.Release|Any CPU.ActiveCfg = Release|Any CPU
		{2146A457-8ABA-4A19-BDF4-45779EDEBCD8}.Release|Any CPU.Build.0 = Release|Any CPU
	EndGlobalSection
	GlobalSection(SolutionProperties) = preSolution
		HideSolutionNode = FALSE
	EndGlobalSection
	GlobalSection(ExtensibilityGlobals) = postSolution
		SolutionGuid = {0DBB17D4-2EA2-4D44-977F-671BDB1795F1}
	EndGlobalSection
EndGlobal
