
Microsoft Visual Studio Solution File, Format Version 12.00
# Visual Studio Version 16
VisualStudioVersion = 16.0.35325.158
MinimumVisualStudioVersion = 10.0.40219.1
Project("{FAE04EC0-301F-11D3-BF4B-00C04F79EFBC}") = "CSharp_SQL", "CSharp_SQL\CSharp_SQL.csproj", "{42FD4C93-79BC-479B-B00F-51F744BD8FC4}"
EndProject
Global
	GlobalSection(SolutionConfigurationPlatforms) = preSolution
		Debug|Any CPU = Debug|Any CPU
		Release|Any CPU = Release|Any CPU
	EndGlobalSection
	GlobalSection(ProjectConfigurationPlatforms) = postSolution
		{42FD4C93-79BC-479B-B00F-51F744BD8FC4}.Debug|Any CPU.ActiveCfg = Debug|Any CPU
		{42FD4C93-79BC-479B-B00F-51F744BD8FC4}.Debug|Any CPU.Build.0 = Debug|Any CPU
		{42FD4C93-79BC-479B-B00F-51F744BD8FC4}.Release|Any CPU.ActiveCfg = Release|Any CPU
		{42FD4C93-79BC-479B-B00F-51F744BD8FC4}.Release|Any CPU.Build.0 = Release|Any CPU
	EndGlobalSection
	GlobalSection(SolutionProperties) = preSolution
		HideSolutionNode = FALSE
	EndGlobalSection
	GlobalSection(ExtensibilityGlobals) = postSolution
		SolutionGuid = {D326B61E-3070-49D9-AD1D-1E89282DAD04}
	EndGlobalSection
EndGlobal
