
Microsoft Visual Studio Solution File, Format Version 12.00
# Visual Studio Version 16
VisualStudioVersion = 16.0.35325.158
MinimumVisualStudioVersion = 10.0.40219.1
Project("{FAE04EC0-301F-11D3-BF4B-00C04F79EFBC}") = "CodeChallenge_7", "CodeChallenge_7\CodeChallenge_7.csproj", "{236763BC-E21C-453F-A173-CFA72ED96F8E}"
EndProject
Global
	GlobalSection(SolutionConfigurationPlatforms) = preSolution
		Debug|Any CPU = Debug|Any CPU
		Release|Any CPU = Release|Any CPU
	EndGlobalSection
	GlobalSection(ProjectConfigurationPlatforms) = postSolution
		{236763BC-E21C-453F-A173-CFA72ED96F8E}.Debug|Any CPU.ActiveCfg = Debug|Any CPU
		{236763BC-E21C-453F-A173-CFA72ED96F8E}.Debug|Any CPU.Build.0 = Debug|Any CPU
		{236763BC-E21C-453F-A173-CFA72ED96F8E}.Release|Any CPU.ActiveCfg = Release|Any CPU
		{236763BC-E21C-453F-A173-CFA72ED96F8E}.Release|Any CPU.Build.0 = Release|Any CPU
	EndGlobalSection
	GlobalSection(SolutionProperties) = preSolution
		HideSolutionNode = FALSE
	EndGlobalSection
	GlobalSection(ExtensibilityGlobals) = postSolution
		SolutionGuid = {7DF59323-6278-440F-A236-8CBC1C75A537}
	EndGlobalSection
EndGlobal
